<?xml version="1.0" encoding="utf-8"?>
<Project ToolsVersion="4.0" xmlns="http://schemas.microsoft.com/developer/msbuild/2003">
  <ItemGroup>
    <Filter Include="File di origine">
      <UniqueIdentifier>{4FC737F1-C7A5-4376-A066-2A32D752A2FF}</UniqueIdentifier>
      <Extensions>cpp;c;cc;cxx;c++;cppm;ixx;def;odl;idl;hpj;bat;asm;asmx</Extensions>
    </Filter>
    <Filter Include="File di intestazione">
      <UniqueIdentifier>{93995380-89BD-4b04-88EB-625FBE52EBFB}</UniqueIdentifier>
      <Extensions>h;hh;hpp;hxx;h++;hm;inl;inc;ipp;xsd</Extensions>
    </Filter>
    <Filter Include="File di risorse">
      <UniqueIdentifier>{67DA6AB6-F800-4c08-8B7A-83BB121AAD01}</UniqueIdentifier>
      <Extensions>rc;ico;cur;bmp;dlg;rc2;rct;bin;rgs;gif;jpg;jpeg;jpe;resx;tiff;tif;png;wav;mfcribbon-ms</Extensions>
    </Filter>
  </ItemGroup>
  <ItemGroup>
    <ClInclude Include="src\Buffers\buffer.hpp">
      <Filter>File di intestazione</Filter>
    </ClInclude>
    <ClInclude Include="src\Buffers\texture.h">
      <Filter>File di intestazione</Filter>
    </ClInclude>
    <ClInclude Include="src\Buffers\uniformBuffer.hpp">
      <Filter>File di intestazione</Filter>
    </ClInclude>
    <ClInclude Include="src\application.h">
      <Filter>File di intestazione</Filter>
    </ClInclude>
    <ClInclude Include="src\device.h">
      <Filter>File di intestazione</Filter>
    </ClInclude>
    <ClInclude Include="src\model.h">
      <Filter>File di intestazione</Filter>
    </ClInclude>
    <ClInclude Include="src\pipeline.h">
      <Filter>File di intestazione</Filter>
    </ClInclude>
    <ClInclude Include="src\shader.h">
      <Filter>File di intestazione</Filter>
    </ClInclude>
    <ClInclude Include="src\swapChain.h">
      <Filter>File di intestazione</Filter>
    </ClInclude>
    <ClInclude Include="src\window.h">
      <Filter>File di intestazione</Filter>
    </ClInclude>
    <ClInclude Include="src\mesh.h">
      <Filter>File di intestazione</Filter>
    </ClInclude>
    <ClInclude Include="src\camera.h">
      <Filter>File di intestazione</Filter>
    </ClInclude>
    <ClInclude Include="src\Input\keyboard.h">
      <Filter>File di intestazione</Filter>
    </ClInclude>
    <ClInclude Include="src\Events\event.hpp">
      <Filter>File di intestazione</Filter>
    </ClInclude>
    <ClInclude Include="src\Events\keyEvents.hpp">
      <Filter>File di intestazione</Filter>
    </ClInclude>
    <ClInclude Include="src\Events\mouseEvents.hpp">
      <Filter>File di intestazione</Filter>
    </ClInclude>
    <ClInclude Include="src\Events\otherEvents.hpp">
      <Filter>File di intestazione</Filter>
    </ClInclude>
    <ClInclude Include="src\Input\mouse.h">
      <Filter>File di intestazione</Filter>
    </ClInclude>
    <ClInclude Include="src\light.h">
      <Filter>File di intestazione</Filter>
    </ClInclude>
    <ClInclude Include="src\imguiLayer.h">
      <Filter>File di intestazione</Filter>
    </ClInclude>
    <ClInclude Include="src\imguiLib\imgui.h">
      <Filter>File di intestazione</Filter>
    </ClInclude>
    <ClInclude Include="src\imguiLib\imgui_impl_vulkan.h">
      <Filter>File di intestazione</Filter>
    </ClInclude>
    <ClInclude Include="src\imguiLib\imgui_impl_glfw.h">
      <Filter>File di intestazione</Filter>
    </ClInclude>
  </ItemGroup>
  <ItemGroup>
    <ClCompile Include="src\Buffers\texture.cpp">
      <Filter>File di origine</Filter>
    </ClCompile>
    <ClCompile Include="src\application.cpp">
      <Filter>File di origine</Filter>
    </ClCompile>
    <ClCompile Include="src\device.cpp">
      <Filter>File di origine</Filter>
    </ClCompile>
    <ClCompile Include="src\main.cpp">
      <Filter>File di origine</Filter>
    </ClCompile>
    <ClCompile Include="src\model.cpp">
      <Filter>File di origine</Filter>
    </ClCompile>
    <ClCompile Include="src\pipeline.cpp">
      <Filter>File di origine</Filter>
    </ClCompile>
    <ClCompile Include="src\shader.cpp">
      <Filter>File di origine</Filter>
    </ClCompile>
    <ClCompile Include="src\swapChain.cpp">
      <Filter>File di origine</Filter>
    </ClCompile>
    <ClCompile Include="src\window.cpp">
      <Filter>File di origine</Filter>
    </ClCompile>
    <ClCompile Include="src\mesh.cpp">
      <Filter>File di origine</Filter>
    </ClCompile>
    <ClCompile Include="src\camera.cpp">
      <Filter>File di origine</Filter>
    </ClCompile>
    <ClCompile Include="src\Input\keyboard.cpp">
      <Filter>File di origine</Filter>
    </ClCompile>
    <ClCompile Include="src\Input\mouse.cpp">
      <Filter>File di origine</Filter>
    </ClCompile>
    <ClCompile Include="src\light.cpp">
      <Filter>File di origine</Filter>
    </ClCompile>
    <ClCompile Include="src\imguiLayer.cpp">
      <Filter>File di origine</Filter>
    </ClCompile>
    <ClCompile Include="src\imguiLib\imgui.cpp">
      <Filter>File di origine</Filter>
    </ClCompile>
    <ClCompile Include="src\imguiLib\imgui_draw.cpp">
      <Filter>File di origine</Filter>
    </ClCompile>
    <ClCompile Include="src\imguiLib\imgui_impl_vulkan.cpp">
      <Filter>File di origine</Filter>
    </ClCompile>
    <ClCompile Include="src\imguiLib\imgui_impl_glfw.cpp">
      <Filter>File di origine</Filter>
    </ClCompile>
    <ClCompile Include="src\imguiLib\imgui_widgets.cpp">
      <Filter>File di origine</Filter>
    </ClCompile>
    <ClCompile Include="src\imguiLib\imgui_tables.cpp">
      <Filter>File di origine</Filter>
    </ClCompile>
  </ItemGroup>
</Project>